// !$*UTF8*$!
{
	archiveVersion = 1;
	classes = {
	};
	objectVersion = 56;
	objects = {

/* Begin PBXBuildFile section */
		1A0000012D10000000000001 /* PettyApp.swift in Sources */ = {isa = PBXBuildFile; fileRef = 1A0000112D10000000000001 /* PettyApp.swift */; };
		1A0000022D10000000000001 /* AppDelegate.swift in Sources */ = {isa = PBXBuildFile; fileRef = 1A0000122D10000000000001 /* AppDelegate.swift */; };
		1A0000032D10000000000001 /* CharacterState.swift in Sources */ = {isa = PBXBuildFile; fileRef = 1A0000132D10000000000001 /* CharacterState.swift */; };
		1A0000042D10000000000001 /* CharacterStateManager.swift in Sources */ = {isa = PBXBuildFile; fileRef = 1A0000142D10000000000001 /* CharacterStateManager.swift */; };
		1A0000052D10000000000001 /* CharacterView.swift in Sources */ = {isa = PBXBuildFile; fileRef = 1A0000152D10000000000001 /* CharacterView.swift */; };
		1A0000062D10000000000001 /* CharacterWindowController.swift in Sources */ = {isa = PBXBuildFile; fileRef = 1A0000162D10000000000001 /* CharacterWindowController.swift */; };
		1A0000072D10000000000001 /* ActivityMonitor.swift in Sources */ = {isa = PBXBuildFile; fileRef = 1A0000172D10000000000001 /* ActivityMonitor.swift */; };
		1A0000082D10000000000001 /* MenuBarController.swift in Sources */ = {isa = PBXBuildFile; fileRef = 1A0000182D10000000000001 /* MenuBarController.swift */; };
		1A0000092D10000000000001 /* SettingsStore.swift in Sources */ = {isa = PBXBuildFile; fileRef = 1A0000192D10000000000001 /* SettingsStore.swift */; };
/* End PBXBuildFile section */

/* Begin PBXFileReference section */
		1A0000102D10000000000001 /* Petty.app */ = {isa = PBXFileReference; explicitFileType = wrapper.application; includeInIndex = 0; path = Petty.app; sourceTree = BUILT_PRODUCTS_DIR; };
		1A0000112D10000000000001 /* PettyApp.swift */ = {isa = PBXFileReference; lastKnownFileType = sourcecode.swift; path = PettyApp.swift; sourceTree = "<group>"; };
		1A0000122D10000000000001 /* AppDelegate.swift */ = {isa = PBXFileReference; lastKnownFileType = sourcecode.swift; path = AppDelegate.swift; sourceTree = "<group>"; };
		1A0000132D10000000000001 /* CharacterState.swift */ = {isa = PBXFileReference; lastKnownFileType = sourcecode.swift; path = CharacterState.swift; sourceTree = "<group>"; };
		1A0000142D10000000000001 /* CharacterStateManager.swift */ = {isa = PBXFileReference; lastKnownFileType = sourcecode.swift; path = CharacterStateManager.swift; sourceTree = "<group>"; };
		1A0000152D10000000000001 /* CharacterView.swift */ = {isa = PBXFileReference; lastKnownFileType = sourcecode.swift; path = CharacterView.swift; sourceTree = "<group>"; };
		1A0000162D10000000000001 /* CharacterWindowController.swift */ = {isa = PBXFileReference; lastKnownFileType = sourcecode.swift; path = CharacterWindowController.swift; sourceTree = "<group>"; };
		1A0000172D10000000000001 /* ActivityMonitor.swift */ = {isa = PBXFileReference; lastKnownFileType = sourcecode.swift; path = ActivityMonitor.swift; sourceTree = "<group>"; };
		1A0000182D10000000000001 /* MenuBarController.swift */ = {isa = PBXFileReference; lastKnownFileType = sourcecode.swift; path = MenuBarController.swift; sourceTree = "<group>"; };
		1A0000192D10000000000001 /* SettingsStore.swift */ = {isa = PBXFileReference; lastKnownFileType = sourcecode.swift; path = SettingsStore.swift; sourceTree = "<group>"; };
		1A00001A2D10000000000001 /* Info.plist */ = {isa = PBXFileReference; lastKnownFileType = text.plist.xml; path = Info.plist; sourceTree = "<group>"; };
/* End PBXFileReference section */

/* Begin PBXFrameworksBuildPhase section */
		1A0000202D10000000000001 /* Frameworks */ = {
			isa = PBXFrameworksBuildPhase;
			buildActionMask = 2147483647;
			files = (
			);
			runOnlyForDeploymentPostprocessing = 0;
		};
/* End PBXFrameworksBuildPhase section */

/* Begin PBXGroup section */
		1A0000302D10000000000001 = {
			isa = PBXGroup;
			children = (
				1A0000312D10000000000001 /* Petty */,
				1A0000322D10000000000001 /* Products */,
			);
			sourceTree = "<group>";
		};
		1A0000312D10000000000001 /* Petty */ = {
			isa = PBXGroup;
			children = (
				1A0000112D10000000000001 /* PettyApp.swift */,
				1A0000122D10000000000001 /* AppDelegate.swift */,
				1A0000332D10000000000001 /* Character */,
				1A0000342D10000000000001 /* Activity */,
				1A0000352D10000000000001 /* MenuBar */,
				1A0000362D10000000000001 /* Settings */,
				1A00001A2D10000000000001 /* Info.plist */,
			);
			path = Petty;
			sourceTree = "<group>";
		};
		1A0000322D10000000000001 /* Products */ = {
			isa = PBXGroup;
			children = (
				1A0000102D10000000000001 /* Petty.app */,
			);
			name = Products;
			sourceTree = "<group>";
		};
		1A0000332D10000000000001 /* Character */ = {
			isa = PBXGroup;
			children = (
				1A0000132D10000000000001 /* CharacterState.swift */,
				1A0000142D10000000000001 /* CharacterStateManager.swift */,
				1A0000152D10000000000001 /* CharacterView.swift */,
				1A0000162D10000000000001 /* CharacterWindowController.swift */,
			);
			path = Character;
			sourceTree = "<group>";
		};
		1A0000342D10000000000001 /* Activity */ = {
			isa = PBXGroup;
			children = (
				1A0000172D10000000000001 /* ActivityMonitor.swift */,
			);
			path = Activity;
			sourceTree = "<group>";
		};
		1A0000352D10000000000001 /* MenuBar */ = {
			isa = PBXGroup;
			children = (
				1A0000182D10000000000001 /* MenuBarController.swift */,
			);
			path = MenuBar;
			sourceTree = "<group>";
		};
		1A0000362D10000000000001 /* Settings */ = {
			isa = PBXGroup;
			children = (
				1A0000192D10000000000001 /* SettingsStore.swift */,
			);
			path = Settings;
			sourceTree = "<group>";
		};
/* End PBXGroup section */

/* Begin PBXNativeTarget section */
		1A0000402D10000000000001 /* Petty */ = {
			isa = PBXNativeTarget;
			buildConfigurationList = 1A0000802D10000000000001 /* Build configuration list for PBXNativeTarget "Petty" */;
			buildPhases = (
				1A0000602D10000000000001 /* Sources */,
				1A0000202D10000000000001 /* Frameworks */,
				1A0000702D10000000000001 /* Resources */,
			);
			buildRules = (
			);
			dependencies = (
			);
			name = Petty;
			productName = Petty;
			productReference = 1A0000102D10000000000001 /* Petty.app */;
			productType = "com.apple.product-type.application";
		};
/* End PBXNativeTarget section */

/* Begin PBXProject section */
		1A0000502D10000000000001 /* Project object */ = {
			isa = PBXProject;
			attributes = {
				BuildIndependentTargetsInParallel = 1;
				LastSwiftUpdateCheck = 1600;
				LastUpgradeCheck = 1600;
				TargetAttributes = {
					1A0000402D10000000000001 = {
						CreatedOnToolsVersion = 16.0;
					};
				};
			};
			buildConfigurationList = 1A0000902D10000000000001 /* Build configuration list for PBXProject "Petty" */;
			compatibilityVersion = "Xcode 14.0";
			developmentRegion = en;
			hasScannedForEncodings = 0;
			knownRegions = (
				en,
				Base,
			);
			mainGroup = 1A0000302D10000000000001;
			productRefGroup = 1A0000322D10000000000001 /* Products */;
			projectDirPath = "";
			projectRoot = "";
			targets = (
				1A0000402D10000000000001 /* Petty */,
			);
		};
/* End PBXProject section */

/* Begin PBXResourcesBuildPhase section */
		1A0000702D10000000000001 /* Resources */ = {
			isa = PBXResourcesBuildPhase;
			buildActionMask = 2147483647;
			files = (
			);
			runOnlyForDeploymentPostprocessing = 0;
		};
/* End PBXResourcesBuildPhase section */

/* Begin PBXSourcesBuildPhase section */
		1A0000602D10000000000001 /* Sources */ = {
			isa = PBXSourcesBuildPhase;
			buildActionMask = 2147483647;
			files = (
				1A0000012D10000000000001 /* PettyApp.swift in Sources */,
				1A0000022D10000000000001 /* AppDelegate.swift in Sources */,
				1A0000032D10000000000001 /* CharacterState.swift in Sources */,
				1A0000042D10000000000001 /* CharacterStateManager.swift in Sources */,
				1A0000052D10000000000001 /* CharacterView.swift in Sources */,
				1A0000062D10000000000001 /* CharacterWindowController.swift in Sources */,
				1A0000072D10000000000001 /* ActivityMonitor.swift in Sources */,
				1A0000082D10000000000001 /* MenuBarController.swift in Sources */,
				1A0000092D10000000000001 /* SettingsStore.swift in Sources */,
			);
			runOnlyForDeploymentPostprocessing = 0;
		};
/* End PBXSourcesBuildPhase section */

/* Begin XCBuildConfiguration section */
		1A0000812D10000000000001 /* Debug */ = {
			isa = XCBuildConfiguration;
			buildSettings = {
				ASSETCATALOG_COMPILER_APPICON_NAME = AppIcon;
				CODE_SIGN_STYLE = Automatic;
				COMBINE_HIDPI_IMAGES = YES;
				DEVELOPMENT_TEAM = "";
				ENABLE_HARDENED_RUNTIME = YES;
				GENERATE_INFOPLIST_FILE = NO;
				INFOPLIST_FILE = Petty/Info.plist;
				LD_RUNPATH_SEARCH_PATHS = (
					"$(inherited)",
					"@executable_path/../Frameworks",
				);
				MACOSX_DEPLOYMENT_TARGET = 14.0;
				PRODUCT_BUNDLE_IDENTIFIER = com.sababurduli.Petty;
				PRODUCT_NAME = "$(TARGET_NAME)";
				SWIFT_VERSION = 5.0;
			};
			name = Debug;
		};
		1A0000822D10000000000001 /* Release */ = {
			isa = XCBuildConfiguration;
			buildSettings = {
				ASSETCATALOG_COMPILER_APPICON_NAME = AppIcon;
				CODE_SIGN_STYLE = Automatic;
				COMBINE_HIDPI_IMAGES = YES;
				DEVELOPMENT_TEAM = "";
				ENABLE_HARDENED_RUNTIME = YES;
				GENERATE_INFOPLIST_FILE = NO;
				INFOPLIST_FILE = Petty/Info.plist;
				LD_RUNPATH_SEARCH_PATHS = (
					"$(inherited)",
					"@executable_path/../Frameworks",
				);
				MACOSX_DEPLOYMENT_TARGET = 14.0;
				PRODUCT_BUNDLE_IDENTIFIER = com.sababurduli.Petty;
				PRODUCT_NAME = "$(TARGET_NAME)";
				SWIFT_VERSION = 5.0;
			};
			name = Release;
		};
		1A0000912D10000000000001 /* Debug */ = {
			isa = XCBuildConfiguration;
			buildSettings = {
				ALWAYS_SEARCH_USER_PATHS = NO;
				CLANG_ANALYZER_NONNULL = YES;
				CLANG_ANALYZER_NUMBER_OBJECT_CONVERSION = YES_AGGRESSIVE;
				CLANG_CXX_LANGUAGE_STANDARD = "gnu++20";
				CLANG_ENABLE_MODULES = YES;
				CLANG_ENABLE_OBJC_ARC = YES;
				CLANG_ENABLE_OBJC_WEAK = YES;
				CLANG_WARN_BLOCK_CAPTURE_AUTORELEASING = YES;
				CLANG_WARN_BOOL_CONVERSION = YES;
				CLANG_WARN_COMMA = YES;
				CLANG_WARN_CONSTANT_CONVERSION = YES;
				CLANG_WARN_DEPRECATED_OBJC_IMPLEMENTATIONS = YES;
				CLANG_WARN_DIRECT_OBJC_ISA_USAGE = YES_ERROR;
				CLANG_WARN_DOCUMENTATION_COMMENTS = YES;
				CLANG_WARN_EMPTY_BODY = YES;
				CLANG_WARN_ENUM_CONVERSION = YES;
				CLANG_WARN_INFINITE_RECURSION = YES;
				CLANG_WARN_INT_CONVERSION = YES;
				CLANG_WARN_NON_LITERAL_NULL_CONVERSION = YES;
				CLANG_WARN_OBJC_IMPLICIT_RETAIN_SELF = YES;
				CLANG_WARN_OBJC_LITERAL_CONVERSION = YES;
				CLANG_WARN_OBJC_ROOT_CLASS = YES_ERROR;
				CLANG_WARN_QUOTED_INCLUDE_IN_FRAMEWORK_HEADER = YES;
				CLANG_WARN_RANGE_LOOP_ANALYSIS = YES;
				CLANG_WARN_STRICT_PROTOTYPES = YES;
				CLANG_WARN_SUSPICIOUS_MOVE = YES;
				CLANG_WARN_UNGUARDED_AVAILABILITY = YES_AGGRESSIVE;
				CLANG_WARN_UNREACHABLE_CODE = YES;
				CLANG_WARN__DUPLICATE_METHOD_MATCH = YES;
				COPY_PHASE_STRIP = NO;
				DEBUG_INFORMATION_FORMAT = dwarf;
				ENABLE_STRICT_OBJC_MSGSEND = YES;
				ENABLE_TESTABILITY = YES;
				GCC_C_LANGUAGE_STANDARD = gnu17;
				GCC_DYNAMIC_NO_PIC = NO;
				GCC_NO_COMMON_BLOCKS = YES;
				GCC_OPTIMIZATION_LEVEL = 0;
				GCC_PREPROCESSOR_DEFINITIONS = (
					"DEBUG=1",
					"$(inherited)",
				);
				GCC_WARN_64_TO_32_BIT_CONVERSION = YES;
				GCC_WARN_ABOUT_RETURN_TYPE = YES_ERROR;
				GCC_WARN_UNDECLARED_SELECTOR = YES;
				GCC_WARN_UNINITIALIZED_AUTOS = YES_AGGRESSIVE;
				GCC_WARN_UNUSED_FUNCTION = YES;
				GCC_WARN_UNUSED_VARIABLE = YES;
				MTL_ENABLE_DEBUG_INFO = INCLUDE_SOURCE;
				MTL_FAST_MATH = YES;
				ONLY_ACTIVE_ARCH = YES;
				SDKROOT = macosx;
				SWIFT_ACTIVE_COMPILATION_CONDITIONS = DEBUG;
				SWIFT_OPTIMIZATION_LEVEL = "-Onone";
			};
			name = Debug;
		};
		1A0000922D10000000000001 /* Release */ = {
			isa = XCBuildConfiguration;
			buildSettings = {
				ALWAYS_SEARCH_USER_PATHS = NO;
				CLANG_ANALYZER_NONNULL = YES;
				CLANG_ANALYZER_NUMBER_OBJECT_CONVERSION = YES_AGGRESSIVE;
				CLANG_CXX_LANGUAGE_STANDARD = "gnu++20";
				CLANG_ENABLE_MODULES = YES;
				CLANG_ENABLE_OBJC_ARC = YES;
				CLANG_ENABLE_OBJC_WEAK = YES;
				CLANG_WARN_BLOCK_CAPTURE_AUTORELEASING = YES;
				CLANG_WARN_BOOL_CONVERSION = YES;
				CLANG_WARN_COMMA = YES;
				CLANG_WARN_CONSTANT_CONVERSION = YES;
				CLANG_WARN_DEPRECATED_OBJC_IMPLEMENTATIONS = YES;
				CLANG_WARN_DIRECT_OBJC_ISA_USAGE = YES_ERROR;
				CLANG_WARN_DOCUMENTATION_COMMENTS = YES;
				CLANG_WARN_EMPTY_BODY = YES;
				CLANG_WARN_ENUM_CONVERSION = YES;
				CLANG_WARN_INFINITE_RECURSION = YES;
				CLANG_WARN_INT_CONVERSION = YES;
				CLANG_WARN_NON_LITERAL_NULL_CONVERSION = YES;
				CLANG_WARN_OBJC_IMPLICIT_RETAIN_SELF = YES;
				CLANG_WARN_OBJC_LITERAL_CONVERSION = YES;
				CLANG_WARN_OBJC_ROOT_CLASS = YES_ERROR;
				CLANG_WARN_QUOTED_INCLUDE_IN_FRAMEWORK_HEADER = YES;
				CLANG_WARN_RANGE_LOOP_ANALYSIS = YES;
				CLANG_WARN_STRICT_PROTOTYPES = YES;
				CLANG_WARN_SUSPICIOUS_MOVE = YES;
				CLANG_WARN_UNGUARDED_AVAILABILITY = YES_AGGRESSIVE;
				CLANG_WARN_UNREACHABLE_CODE = YES;
				CLANG_WARN__DUPLICATE_METHOD_MATCH = YES;
				COPY_PHASE_STRIP = NO;
				DEBUG_INFORMATION_FORMAT = "dwarf-with-dsym";
				ENABLE_NS_ASSERTIONS = NO;
				ENABLE_STRICT_OBJC_MSGSEND = YES;
				GCC_C_LANGUAGE_STANDARD = gnu17;
				GCC_NO_COMMON_BLOCKS = YES;
				GCC_WARN_64_TO_32_BIT_CONVERSION = YES;
				GCC_WARN_ABOUT_RETURN_TYPE = YES_ERROR;
				GCC_WARN_UNDECLARED_SELECTOR = YES;
				GCC_WARN_UNINITIALIZED_AUTOS = YES_AGGRESSIVE;
				GCC_WARN_UNUSED_FUNCTION = YES;
				GCC_WARN_UNUSED_VARIABLE = YES;
				MTL_ENABLE_DEBUG_INFO = NO;
				MTL_FAST_MATH = YES;
				SDKROOT = macosx;
				SWIFT_COMPILATION_MODE = wholemodule;
			};
			name = Release;
		};
/* End XCBuildConfiguration section */

/* Begin XCConfigurationList section */
		1A0000802D10000000000001 /* Build configuration list for PBXNativeTarget "Petty" */ = {
			isa = XCConfigurationList;
			buildConfigurations = (
				1A0000812D10000000000001 /* Debug */,
				1A0000822D10000000000001 /* Release */,
			);
			defaultConfigurationIsVisible = 0;
			defaultConfigurationName = Release;
		};
		1A0000902D10000000000001 /* Build configuration list for PBXProject "Petty" */ = {
			isa = XCConfigurationList;
			buildConfigurations = (
				1A0000912D10000000000001 /* Debug */,
				1A0000922D10000000000001 /* Release */,
			);
			defaultConfigurationIsVisible = 0;
			defaultConfigurationName = Release;
		};
/* End XCConfigurationList section */
	};
	rootObject = 1A0000502D10000000000001 /* Project object */;
}
